
Microsoft Visual Studio Solution File, Format Version 12.00
# Visual Studio Version 17
VisualStudioVersion = 17.3.32929.385
MinimumVisualStudioVersion = 10.0.40219.1
Project("{FAE04EC0-301F-11D3-BF4B-00C04F79EFBC}") = "SportsManagement", "SportsManagement\SportsManagement.csproj", "{3C73BCEF-9C67-419B-9C89-2A24B74B7B9B}"
EndProject
Global
	GlobalSection(SolutionConfigurationPlatforms) = preSolution
		Debug|Any CPU = Debug|Any CPU
		Release|Any CPU = Release|Any CPU
	EndGlobalSection
	GlobalSection(ProjectConfigurationPlatforms) = postSolution
		{3C73BCEF-9C67-419B-9C89-2A24B74B7B9B}.Debug|Any CPU.ActiveCfg = Debug|Any CPU
		{3C73BCEF-9C67-419B-9C89-2A24B74B7B9B}.Debug|Any CPU.Build.0 = Debug|Any CPU
		{3C73BCEF-9C67-419B-9C89-2A24B74B7B9B}.Release|Any CPU.ActiveCfg = Release|Any CPU
		{3C73BCEF-9C67-419B-9C89-2A24B74B7B9B}.Release|Any CPU.Build.0 = Release|Any CPU
	EndGlobalSection
	GlobalSection(SolutionProperties) = preSolution
		HideSolutionNode = FALSE
	EndGlobalSection
	GlobalSection(ExtensibilityGlobals) = postSolution
		SolutionGuid = {E3C2C7E3-1002-40DE-9556-148A647A2909}
	EndGlobalSection
EndGlobal
